{
  "lockfile_version": "1",
  "packages": {
    "github:NixOS/nixpkgs/nixpkgs-unstable": {
      "last_modified": "2026-10-04T07:06:02Z",
      "resolved": "github:NixOS/nixpkgs/a322c65bf7233456788a9ebf03bc067db7dc090a?lastModified=1791097562&narHash=sha256-K9O9lG3UZNFCnwrz0ViWgP3Kgqukg1DvvzsrkFJfcvU%3D"
    },
    "gitleaks@latest": {
      "last_modified": "2026-10-02T22:55:44Z",
      "resolved": "github:NixOS/nixpkgs/55ba7f49ef2962b42cbd126522b7df5f95037679#gitleaks",
      "source": "devbox-search",
      "version": "8.30.1",
      "systems": {
        "aarch64-darwin": {
          "outputs": [
            {
              "name": "out",
              "path": "/nix/store/xya9ah03l0j4q2z2263iaxxvwmk3vmm5-gitleaks-8.30.1",
              "default": true
            }
          ],
          "store_path": "/nix/store/xya9ah03l0j4q2z2263iaxxvwmk3vmm5-gitleaks-8.30.1"
        },
        "aarch64-linux": {
          "outputs": [
            {
              "name": "out",
              "path": "/nix/store/m3k662p6dnspmyxyr7w330xrv71yc9qh-gitleaks-8.30.1",
              "default": true
            }
          ],
          "store_path": "/nix/store/m3k662p6dnspmyxyr7w330xrv71yc9qh-gitleaks-8.30.1"
        },
        "x86_64-darwin": {
          "outputs": [
            {
              "name": "out",
              "path": "/nix/store/v5x4dkl13y4nxhcaq4xmrwkidy44gv9p-gitleaks-8.30.1",
              "default": true
            }
          ],
          "store_path": "/nix/store/v5x4dkl13y4nxhcaq4xmrwkidy44gv9p-gitleaks-8.30.1"
        },
        "x86_64-linux": {
          "outputs": [
            {
              "name": "out",
              "path": "/nix/store/3k6vzgl1czix6ml8kkwwn1w7sd9v5nzf-gitleaks-8.30.1",
              "default": true
            }
          ],
          "store_path": "/nix/store/3k6vzgl1czix6ml8kkwwn1w7sd9v5nzf-gitleaks-8.30.1"
        }
      }
    },
    "kubeconform@latest": {
      "last_modified": "2026-10-02T22:55:44Z",
      "resolved": "github:NixOS/nixpkgs/55ba7f49ef2962b42cbd126522b7df5f95037679#kubeconform",
      "source": "devbox-search",
      "version": "0.8.0",
      "systems": {
        "aarch64-darwin": {
          "outputs": [
            {
              "name": "out",
              "path": "/nix/store/hnqjmfc8n90dlaybqwym6imxjhg4iw73-kubeconform-0.8.0",
              "default": true
            }
          ],
          "store_path": "/nix/store/hnqjmfc8n90dlaybqwym6imxjhg4iw73-kubeconform-0.8.0"
        },
        "aarch64-linux": {
          "outputs": [
            {
              "name": "out",
              "path": "/nix/store/i986nlp5rpimb8ml7iv7rinpjm9vjg2g-kubeconform-0.8.0",
              "default": true
            }
          ],
          "store_path": "/nix/store/i986nlp5rpimb8ml7iv7rinpjm9vjg2g-kubeconform-0.8.0"
        },
        "x86_64-linux": {
          "outputs": [
            {
              "name": "out",
              "path": "/nix/store/dwnkgd9wgnsmmhzbgwkrz3ksspzyslw2-kubeconform-0.8.0",
              "default": true
            }
          ],
          "store_path": "/nix/store/dwnkgd9wgnsmmhzbgwkrz3ksspzyslw2-kubeconform-0.8.0"
        }
      }
    },
    "kubernetes-helm@latest": {
      "last_modified": "2026-10-02T22:55:44Z",
      "resolved": "github:NixOS/nixpkgs/55ba7f49ef2962b42cbd126522b7df5f95037679#kubernetes-helm",
      "source": "devbox-search",
      "version": "4.3.0",
      "systems": {
        "aarch64-darwin": {
          "outputs": [
            {
              "name": "out",
              "path": "/nix/store/qhd7kv6grl3cz4p6hq5s5j4b90zlm0rg-kubernetes-helm-4.3.0",
              "default": true
            }
          ],
          "store_path": "/nix/store/qhd7kv6grl3cz4p6hq5s5j4b90zlm0rg-kubernetes-helm-4.3.0"
        },
        "aarch64-linux": {
          "outputs": [
            {
              "name": "out",
              "path": "/nix/store/3dq2j1jklnp519lp1sdiknhljlz91bzr-kubernetes-helm-4.3.0",
              "default": true
            }
          ],
          "store_path": "/nix/store/3dq2j1jklnp519lp1sdiknhljlz91bzr-kubernetes-helm-4.3.0"
        },
        "x86_64-linux": {
          "outputs": [
            {
              "name": "out",
              "path": "/nix/store/i46k66p14ci9yvr402cki6g6hqhb8raw-kubernetes-helm-4.3.0",
              "default": true
            }
          ],
          "store_path": "/nix/store/i46k66p14ci9yvr402cki6g6hqhb8raw-kubernetes-helm-4.3.0"
        }
      }
    },
    "kustomize@latest": {
      "last_modified": "2026-10-02T22:55:44Z",
      "resolved": "github:NixOS/nixpkgs/55ba7f49ef2962b42cbd126522b7df5f95037679#kustomize",
      "source": "devbox-search",
      "version": "5.8.2",
      "systems": {
        "aarch64-darwin": {
          "outputs": [
            {
              "name": "out",
              "path": "/nix/store/sic7y2w7cf7cx0pf9v62r1l81r6l70zb-kustomize-5.8.2",
              "default": true
            }
          ],
          "store_path": "/nix/store/sic7y2w7cf7cx0pf9v62r1l81r6l70zb-kustomize-5.8.2"
        },
        "aarch64-linux": {
          "outputs": [
            {
              "name": "out",
              "path": "/nix/store/84yddq0f1y91ajb0nlr10g9qz100anrv-kustomize-5.8.2",
              "default": true
            }
          ],
          "store_path": "/nix/store/84yddq0f1y91ajb0nlr10g9qz100anrv-kustomize-5.8.2"
        },
        "x86_64-linux": {
          "outputs": [
            {
              "name": "out",
              "path": "/nix/store/zv9yli93qx358p58h6cph8v35p1pf2nk-kustomize-5.8.2",
              "default": true
            }
          ],
          "store_path": "/nix/store/zv9yli93qx358p58h6cph8v35p1pf2nk-kustomize-5.8.2"
        }
      }
    },
    "yamllint@latest": {
      "last_modified": "2026-10-02T22:55:44Z",
      "resolved": "github:NixOS/nixpkgs/55ba7f49ef2962b42cbd126522b7df5f95037679#yamllint",
      "source": "devbox-search",
      "version": "1.37.1",
      "systems": {
        "aarch64-darwin": {
          "outputs": [
            {
              "name": "out",
              "path": "/nix/store/pisf34rkrc89pyxi42ib3nn579qp6dss-python3.14-yamllint-1.37.1",
              "default": true
            },
            {
              "name": "dist",
              "path": "/nix/store/2mk35114dhi1n2bxw5arl02930r48ypr-python3.14-yamllint-1.37.1-dist"
            }
          ],
          "store_path": "/nix/store/pisf34rkrc89pyxi42ib3nn579qp6dss-python3.14-yamllint-1.37.1"
        },
        "aarch64-linux": {
          "outputs": [
            {
              "name": "out",
              "path": "/nix/store/lkbaxp30zwdna9vdwsgmwcig1wsy064m-python3.14-yamllint-1.37.1",
              "default": true
            },
            {
              "name": "dist",
              "path": "/nix/store/vmbwg9chvh46im8hbaf8s8wc3gxjcw0q-python3.14-yamllint-1.37.1-dist"
            }
          ],
          "store_path": "/nix/store/lkbaxp30zwdna9vdwsgmwcig1wsy064m-python3.14-yamllint-1.37.1"
        },
        "x86_64-darwin": {
          "outputs": [
            {
              "name": "out",
              "path": "/nix/store/bif9hvk42ynby7sdw88lax0j51kzlr2n-python3.13-yamllint-1.37.1",
              "default": true
            },
            {
              "name": "dist",
              "path": "/nix/store/qa1dq7xly19afgn165nf6572b3q61w1s-python3.13-yamllint-1.37.1-dist"
            }
          ],
          "store_path": "/nix/store/bif9hvk42ynby7sdw88lax0j51kzlr2n-python3.13-yamllint-1.37.1"
        },
        "x86_64-linux": {
          "outputs": [
            {
              "name": "out",
              "path": "/nix/store/2csqn0fkc4si1lgmpp9m78a50728irvw-python3.14-yamllint-1.37.1",
              "default": true
            },
            {
              "name": "dist",
              "path": "/nix/store/l85f9nj7bbwm2fj3ksng6y7c3d382ywy-python3.14-yamllint-1.37.1-dist"
            }
          ],
          "store_path": "/nix/store/2csqn0fkc4si1lgmpp9m78a50728irvw-python3.14-yamllint-1.37.1"
        }
      }
    }
  }
}
