{
  "lockfile_version": "1",
  "packages": {
    "github:NixOS/nixpkgs/nixpkgs-unstable": {
      "last_modified": "2026-08-22T02:12:10Z",
      "resolved": "github:NixOS/nixpkgs/a831408e6378bc02ebf8cc09b52c96ca86f6bab4?lastModified=1787364730&narHash=sha256-NcYt9QJfpJiF1lAyN8BDPB4EeScbPU%2BEwQqPiBElrpU%3D"
    },
    "gitleaks@latest": {
      "last_modified": "2026-08-12T11:28:58Z",
      "resolved": "github:NixOS/nixpkgs/044bfe75bfe4c7bbe043dc17b5e42ea823b84a09#gitleaks",
      "source": "devbox-search",
      "version": "8.30.1",
      "systems": {
        "aarch64-darwin": {
          "outputs": [
            {
              "name": "out",
              "path": "/nix/store/0zilxn1s7vskm1b8jxbyic99aql7zzaq-gitleaks-8.30.1",
              "default": true
            }
          ],
          "store_path": "/nix/store/0zilxn1s7vskm1b8jxbyic99aql7zzaq-gitleaks-8.30.1"
        },
        "aarch64-linux": {
          "outputs": [
            {
              "name": "out",
              "path": "/nix/store/7fbpgnngix9bnqgflzfybz2i8nrr8cmj-gitleaks-8.30.1",
              "default": true
            }
          ],
          "store_path": "/nix/store/7fbpgnngix9bnqgflzfybz2i8nrr8cmj-gitleaks-8.30.1"
        },
        "x86_64-darwin": {
          "outputs": [
            {
              "name": "out",
              "path": "/nix/store/v5x4dkl13y4nxhcaq4xmrwkidy44gv9p-gitleaks-8.30.1",
              "default": true
            }
          ],
          "store_path": "/nix/store/v5x4dkl13y4nxhcaq4xmrwkidy44gv9p-gitleaks-8.30.1"
        },
        "x86_64-linux": {
          "outputs": [
            {
              "name": "out",
              "path": "/nix/store/dmi3zxbmff31nb0j6y24wi2055k7ahsw-gitleaks-8.30.1",
              "default": true
            }
          ],
          "store_path": "/nix/store/dmi3zxbmff31nb0j6y24wi2055k7ahsw-gitleaks-8.30.1"
        }
      }
    },
    "kubeconform@latest": {
      "last_modified": "2026-08-12T11:28:58Z",
      "resolved": "github:NixOS/nixpkgs/044bfe75bfe4c7bbe043dc17b5e42ea823b84a09#kubeconform",
      "source": "devbox-search",
      "version": "0.8.0",
      "systems": {
        "aarch64-darwin": {
          "outputs": [
            {
              "name": "out",
              "path": "/nix/store/p06kwx057kxr784szqha3967ada5vpf5-kubeconform-0.8.0",
              "default": true
            }
          ],
          "store_path": "/nix/store/p06kwx057kxr784szqha3967ada5vpf5-kubeconform-0.8.0"
        },
        "aarch64-linux": {
          "outputs": [
            {
              "name": "out",
              "path": "/nix/store/7bff9qrkq841g7f74g2npnpy6lg96d6i-kubeconform-0.8.0",
              "default": true
            }
          ],
          "store_path": "/nix/store/7bff9qrkq841g7f74g2npnpy6lg96d6i-kubeconform-0.8.0"
        },
        "x86_64-linux": {
          "outputs": [
            {
              "name": "out",
              "path": "/nix/store/bbh2q1fxybcv9q6m49pwvnjcpcw9w2di-kubeconform-0.8.0",
              "default": true
            }
          ],
          "store_path": "/nix/store/bbh2q1fxybcv9q6m49pwvnjcpcw9w2di-kubeconform-0.8.0"
        }
      }
    },
    "kubernetes-helm@latest": {
      "last_modified": "2026-08-14T06:48:10Z",
      "resolved": "github:NixOS/nixpkgs/f2b17eb1b90f6a359082035b4538d4c63017aec3#kubernetes-helm",
      "source": "devbox-search",
      "version": "4.2.4",
      "systems": {
        "aarch64-darwin": {
          "outputs": [
            {
              "name": "out",
              "path": "/nix/store/zzbd5kzhdq4xh99ykhmsk9gdr3sgsdv4-kubernetes-helm-4.2.4",
              "default": true
            }
          ],
          "store_path": "/nix/store/zzbd5kzhdq4xh99ykhmsk9gdr3sgsdv4-kubernetes-helm-4.2.4"
        },
        "aarch64-linux": {
          "outputs": [
            {
              "name": "out",
              "path": "/nix/store/m15s22fr1c74qc24bqsi14zmvmh3wa02-kubernetes-helm-4.2.4",
              "default": true
            }
          ],
          "store_path": "/nix/store/m15s22fr1c74qc24bqsi14zmvmh3wa02-kubernetes-helm-4.2.4"
        },
        "x86_64-linux": {
          "outputs": [
            {
              "name": "out",
              "path": "/nix/store/g48g9scy4mz49kwjsy0fb9kkbspvkcfi-kubernetes-helm-4.2.4",
              "default": true
            }
          ],
          "store_path": "/nix/store/g48g9scy4mz49kwjsy0fb9kkbspvkcfi-kubernetes-helm-4.2.4"
        }
      }
    },
    "kustomize@latest": {
      "last_modified": "2026-08-12T11:28:58Z",
      "resolved": "github:NixOS/nixpkgs/044bfe75bfe4c7bbe043dc17b5e42ea823b84a09#kustomize",
      "source": "devbox-search",
      "version": "5.8.1",
      "systems": {
        "aarch64-darwin": {
          "outputs": [
            {
              "name": "out",
              "path": "/nix/store/wfxgyczajr2wf1fpa8vfk9v85w7v6324-kustomize-5.8.1",
              "default": true
            }
          ],
          "store_path": "/nix/store/wfxgyczajr2wf1fpa8vfk9v85w7v6324-kustomize-5.8.1"
        },
        "aarch64-linux": {
          "outputs": [
            {
              "name": "out",
              "path": "/nix/store/9izp11rszjy775fmi3d64s02fnbf4fw3-kustomize-5.8.1",
              "default": true
            }
          ],
          "store_path": "/nix/store/9izp11rszjy775fmi3d64s02fnbf4fw3-kustomize-5.8.1"
        },
        "x86_64-darwin": {
          "outputs": [
            {
              "name": "out",
              "path": "/nix/store/7hx9cv1yxfd01k33aaxay05a8pzm3gja-kustomize-5.8.1",
              "default": true
            }
          ],
          "store_path": "/nix/store/7hx9cv1yxfd01k33aaxay05a8pzm3gja-kustomize-5.8.1"
        },
        "x86_64-linux": {
          "outputs": [
            {
              "name": "out",
              "path": "/nix/store/x34jr3by8sfrmsqkbwmyjym2n27kx5mw-kustomize-5.8.1",
              "default": true
            }
          ],
          "store_path": "/nix/store/x34jr3by8sfrmsqkbwmyjym2n27kx5mw-kustomize-5.8.1"
        }
      }
    },
    "yamllint@latest": {
      "last_modified": "2026-08-12T11:28:58Z",
      "resolved": "github:NixOS/nixpkgs/044bfe75bfe4c7bbe043dc17b5e42ea823b84a09#yamllint",
      "source": "devbox-search",
      "version": "1.37.1",
      "systems": {
        "aarch64-darwin": {
          "outputs": [
            {
              "name": "out",
              "path": "/nix/store/znqhr4qapwlrz8465vygk9f5pvsj99fk-python3.14-yamllint-1.37.1",
              "default": true
            },
            {
              "name": "dist",
              "path": "/nix/store/fnkwgggkkjmrnmhy3l68n5l4prckyz1z-python3.14-yamllint-1.37.1-dist"
            }
          ],
          "store_path": "/nix/store/znqhr4qapwlrz8465vygk9f5pvsj99fk-python3.14-yamllint-1.37.1"
        },
        "aarch64-linux": {
          "outputs": [
            {
              "name": "out",
              "path": "/nix/store/avc5bl1cs4zmrix7y0cnpz71jwg0pqwa-python3.14-yamllint-1.37.1",
              "default": true
            },
            {
              "name": "dist",
              "path": "/nix/store/z4jjyafial550izc8n43ysi1jwsslg7q-python3.14-yamllint-1.37.1-dist"
            }
          ],
          "store_path": "/nix/store/avc5bl1cs4zmrix7y0cnpz71jwg0pqwa-python3.14-yamllint-1.37.1"
        },
        "x86_64-darwin": {
          "outputs": [
            {
              "name": "out",
              "path": "/nix/store/bif9hvk42ynby7sdw88lax0j51kzlr2n-python3.13-yamllint-1.37.1",
              "default": true
            },
            {
              "name": "dist",
              "path": "/nix/store/qa1dq7xly19afgn165nf6572b3q61w1s-python3.13-yamllint-1.37.1-dist"
            }
          ],
          "store_path": "/nix/store/bif9hvk42ynby7sdw88lax0j51kzlr2n-python3.13-yamllint-1.37.1"
        },
        "x86_64-linux": {
          "outputs": [
            {
              "name": "out",
              "path": "/nix/store/w248amhmvb3r0l9id2isyg97cr9w1gx9-python3.14-yamllint-1.37.1",
              "default": true
            },
            {
              "name": "dist",
              "path": "/nix/store/7n65k2v2nraqqpsx6x5fif84rpp7nnzp-python3.14-yamllint-1.37.1-dist"
            }
          ],
          "store_path": "/nix/store/w248amhmvb3r0l9id2isyg97cr9w1gx9-python3.14-yamllint-1.37.1"
        }
      }
    }
  }
}
